
Microsoft Visual Studio Solution File, Format Version 12.00
# Visual Studio Version 17
Project("{9A19103F-16F7-4668-BE54-9A1E7A4F7556}") = "FrostyMcpPlugin", "FrostyMcpPlugin.csproj", "{A7C3E91F-2B48-4D6A-9F15-8E0D3C1B7A24}"
EndProject
Global
	GlobalSection(SolutionConfigurationPlatforms) = preSolution
		Developer - Debug|x64 = Developer - Debug|x64
		Release - Alpha|x64 = Release - Alpha|x64
		Release - Beta|x64 = Release - Beta|x64
		Release - Final|x64 = Release - Final|x64
	EndGlobalSection
	GlobalSection(ProjectConfigurationPlatforms) = postSolution
		{A7C3E91F-2B48-4D6A-9F15-8E0D3C1B7A24}.Developer - Debug|x64.ActiveCfg = Developer - Debug|x64
		{A7C3E91F-2B48-4D6A-9F15-8E0D3C1B7A24}.Developer - Debug|x64.Build.0 = Developer - Debug|x64
		{A7C3E91F-2B48-4D6A-9F15-8E0D3C1B7A24}.Release - Alpha|x64.ActiveCfg = Release - Alpha|x64
		{A7C3E91F-2B48-4D6A-9F15-8E0D3C1B7A24}.Release - Alpha|x64.Build.0 = Release - Alpha|x64
		{A7C3E91F-2B48-4D6A-9F15-8E0D3C1B7A24}.Release - Beta|x64.ActiveCfg = Release - Beta|x64
		{A7C3E91F-2B48-4D6A-9F15-8E0D3C1B7A24}.Release - Beta|x64.Build.0 = Release - Beta|x64
		{A7C3E91F-2B48-4D6A-9F15-8E0D3C1B7A24}.Release - Final|x64.ActiveCfg = Release - Final|x64
		{A7C3E91F-2B48-4D6A-9F15-8E0D3C1B7A24}.Release - Final|x64.Build.0 = Release - Final|x64
	EndGlobalSection
	GlobalSection(SolutionProperties) = preSolution
		HideSolutionNode = FALSE
	EndGlobalSection
EndGlobal
